
Microsoft Visual Studio Solution File, Format Version 12.00
Project("{FAE04EC0-301F-11D3-BF4B-00C04F79EFBC}") = "ExemplosMs", "ExemplosMs\ExemplosMs.csproj", "{AA4462BB-112D-4185-83A3-2BA6DFCD4C42}"
EndProject
Global
	GlobalSection(SolutionConfigurationPlatforms) = preSolution
		Debug|Any CPU = Debug|Any CPU
		Release|Any CPU = Release|Any CPU
	EndGlobalSection
	GlobalSection(ProjectConfigurationPlatforms) = postSolution
		{AA4462BB-112D-4185-83A3-2BA6DFCD4C42}.Debug|Any CPU.ActiveCfg = Debug|Any CPU
		{AA4462BB-112D-4185-83A3-2BA6DFCD4C42}.Debug|Any CPU.Build.0 = Debug|Any CPU
		{AA4462BB-112D-4185-83A3-2BA6DFCD4C42}.Release|Any CPU.ActiveCfg = Release|Any CPU
		{AA4462BB-112D-4185-83A3-2BA6DFCD4C42}.Release|Any CPU.Build.0 = Release|Any CPU
	EndGlobalSection
EndGlobal
